
Microsoft Visual Studio Solution File, Format Version 12.00
# Visual Studio Version 17
VisualStudioVersion = 17.1.32228.430
MinimumVisualStudioVersion = 10.0.40219.1
Project("{2150E333-8FDC-42A3-9474-1A3956D46DE8}") = "Api", "Api", "{BCDA3F0A-1B42-4EFF-BB2F-C0AF7066C5A1}"
EndProject
Project("{2150E333-8FDC-42A3-9474-1A3956D46DE8}") = "ReadModel", "ReadModel", "{CBE5285C-2E45-4C79-8025-7BC768433A43}"
EndProject
Project("{2150E333-8FDC-42A3-9474-1A3956D46DE8}") = "WriteModel", "WriteModel", "{F04688D2-5B60-4AC6-A724-F9987B3043ED}"
EndProject
Project("{2150E333-8FDC-42A3-9474-1A3956D46DE8}") = "Framework", "Framework", "{0837B6FC-1269-4502-9270-4CD137C185EB}"
EndProject
Project("{2150E333-8FDC-42A3-9474-1A3956D46DE8}") = "AccountContext", "AccountContext", "{73048A40-5F13-426C-A415-A499E4A18653}"
EndProject
Project("{9A19103F-16F7-4668-BE54-9A1E7A4F7556}") = "Ebank.Api", "Api\Ebank.Api\Ebank.Api.csproj", "{20E52291-5005-4D22-9EDC-9347E77B8E02}"
EndProject
Project("{9A19103F-16F7-4668-BE54-9A1E7A4F7556}") = "Framework.Application", "Framework\Framework.Application\Framework.Application.csproj", "{5BB4811E-22B8-4849-8240-CF27536CAB50}"
EndProject
Project("{9A19103F-16F7-4668-BE54-9A1E7A4F7556}") = "Framework.AssemblyHelper", "Framework\Framework.AssemblyHelper\Framework.AssemblyHelper.csproj", "{EEDF6D8E-6F01-48B6-B1C7-847B1FAF2DCD}"
EndProject
Project("{9A19103F-16F7-4668-BE54-9A1E7A4F7556}") = "Framework.Core", "Framework\Framework.Core\Framework.Core.csproj", "{F450C91A-85A0-4B28-9FCC-9D6E7E91C196}"
EndProject
Project("{9A19103F-16F7-4668-BE54-9A1E7A4F7556}") = "Framework.Domain", "Framework\Framework.Domain\Framework.Domain.csproj", "{B1EC9100-0721-4A23-AA49-85F2E2CF0E83}"
EndProject
Project("{9A19103F-16F7-4668-BE54-9A1E7A4F7556}") = "Framework.Facade", "Framework\Framework.Facade\Framework.Facade.csproj", "{58588AD6-2CD0-4391-92E6-9F6C2C3B1BB7}"
EndProject
Project("{9A19103F-16F7-4668-BE54-9A1E7A4F7556}") = "Framework.Mapper", "Framework\Framework.Mapper\Framework.Mapper.csproj", "{F3BA653E-CD45-4E14-94D7-BF263CDB3522}"
EndProject
Project("{9A19103F-16F7-4668-BE54-9A1E7A4F7556}") = "Framework.Persistence", "Framework\Framework.Persistence\Framework.Persistence.csproj", "{BB7F7AB0-FE4C-46AD-A53F-17597F8F0FE5}"
EndProject
Project("{2150E333-8FDC-42A3-9474-1A3956D46DE8}") = "ApplicationService", "ApplicationService", "{6E69FB11-AE1A-4914-8591-A6391EC58ADF}"
EndProject
Project("{2150E333-8FDC-42A3-9474-1A3956D46DE8}") = "Facade", "Facade", "{FE83D3B9-E9F0-4CC9-816A-373DF772C950}"
EndProject
Project("{2150E333-8FDC-42A3-9474-1A3956D46DE8}") = "Domain", "Domain", "{537B53A6-DBB4-4903-BAAB-00E55EF1EFF9}"
EndProject
Project("{2150E333-8FDC-42A3-9474-1A3956D46DE8}") = "Infrastructure", "Infrastructure", "{AEAB7D8D-ACD4-4AF9-B83C-72E979B2E7BB}"
EndProject
Project("{9A19103F-16F7-4668-BE54-9A1E7A4F7556}") = "Ebank.AccountContext.Domain", "WriteModel\Ebank.AccountContext.Domain\Ebank.AccountContext.Domain.csproj", "{D1FEEFB3-C0DD-4830-9717-661C6DA757BA}"
EndProject
Project("{9A19103F-16F7-4668-BE54-9A1E7A4F7556}") = "Ebank.AccountContext.ApplicationService", "WriteModel\Ebank.AccountContext.ApplicationService\Ebank.AccountContext.ApplicationService.csproj", "{5CA57C68-38DB-493E-856B-1D4744A8F1B7}"
EndProject
Project("{9A19103F-16F7-4668-BE54-9A1E7A4F7556}") = "Ebank.AccountContext.ApplicationService.Contracts", "WriteModel\Ebank.AccountContext.ApplicationService.Contracts\Ebank.AccountContext.ApplicationService.Contracts.csproj", "{0002FD9A-57CF-4224-9BD5-068B9F040255}"
EndProject
Project("{9A19103F-16F7-4668-BE54-9A1E7A4F7556}") = "Ebank.AccountContext.Facade", "WriteModel\Ebank.AccountContext.Facade\Ebank.AccountContext.Facade.csproj", "{46EE786F-DB8A-4172-9EA0-5FBA2AE5068D}"
EndProject
Project("{9A19103F-16F7-4668-BE54-9A1E7A4F7556}") = "Ebank.AccountContext.Infrastructure.Persistence", "WriteModel\Ebank.AccountContext.Infrastructure.Persistence\Ebank.AccountContext.Infrastructure.Persistence.csproj", "{257CDB6B-2A80-4174-8B4F-93FE5D4F428B}"
EndProject
Project("{9A19103F-16F7-4668-BE54-9A1E7A4F7556}") = "Ebank.AccountContext.Facade.Contracts", "WriteModel\Ebank.AccountContext.Facade.Contracts\Ebank.AccountContext.Facade.Contracts.csproj", "{C3150B4A-0129-412F-B945-544846AFE689}"
EndProject
Project("{9A19103F-16F7-4668-BE54-9A1E7A4F7556}") = "Ebank.Persistence", "WriteModel\Ebank.Persistence\Ebank.Persistence.csproj", "{8AAFD39C-2B95-443A-AFEB-DBA1DFB4320F}"
EndProject
Project("{9A19103F-16F7-4668-BE54-9A1E7A4F7556}") = "Framework.DependencyInjection", "Framework\Framework.DependencyInjection\Framework.DependencyInjection.csproj", "{B7EC3A16-D276-41E8-8C04-7ED671C8BE56}"
EndProject
Project("{FAE04EC0-301F-11D3-BF4B-00C04F79EFBC}") = "Ebank.AccountContext.Configuration", "WriteModel\Ebank.AccountContext.Configuration\Ebank.AccountContext.Configuration.csproj", "{A5A22F58-4CD3-496B-A917-2FE05C2BFE70}"
EndProject
Global
	GlobalSection(SolutionConfigurationPlatforms) = preSolution
		Debug|Any CPU = Debug|Any CPU
		Release|Any CPU = Release|Any CPU
	EndGlobalSection
	GlobalSection(ProjectConfigurationPlatforms) = postSolution
		{20E52291-5005-4D22-9EDC-9347E77B8E02}.Debug|Any CPU.ActiveCfg = Debug|Any CPU
		{20E52291-5005-4D22-9EDC-9347E77B8E02}.Debug|Any CPU.Build.0 = Debug|Any CPU
		{20E52291-5005-4D22-9EDC-9347E77B8E02}.Release|Any CPU.ActiveCfg = Release|Any CPU
		{20E52291-5005-4D22-9EDC-9347E77B8E02}.Release|Any CPU.Build.0 = Release|Any CPU
		{5BB4811E-22B8-4849-8240-CF27536CAB50}.Debug|Any CPU.ActiveCfg = Debug|Any CPU
		{5BB4811E-22B8-4849-8240-CF27536CAB50}.Debug|Any CPU.Build.0 = Debug|Any CPU
		{5BB4811E-22B8-4849-8240-CF27536CAB50}.Release|Any CPU.ActiveCfg = Release|Any CPU
		{5BB4811E-22B8-4849-8240-CF27536CAB50}.Release|Any CPU.Build.0 = Release|Any CPU
		{EEDF6D8E-6F01-48B6-B1C7-847B1FAF2DCD}.Debug|Any CPU.ActiveCfg = Debug|Any CPU
		{EEDF6D8E-6F01-48B6-B1C7-847B1FAF2DCD}.Debug|Any CPU.Build.0 = Debug|Any CPU
		{EEDF6D8E-6F01-48B6-B1C7-847B1FAF2DCD}.Release|Any CPU.ActiveCfg = Release|Any CPU
		{EEDF6D8E-6F01-48B6-B1C7-847B1FAF2DCD}.Release|Any CPU.Build.0 = Release|Any CPU
		{F450C91A-85A0-4B28-9FCC-9D6E7E91C196}.Debug|Any CPU.ActiveCfg = Debug|Any CPU
		{F450C91A-85A0-4B28-9FCC-9D6E7E91C196}.Debug|Any CPU.Build.0 = Debug|Any CPU
		{F450C91A-85A0-4B28-9FCC-9D6E7E91C196}.Release|Any CPU.ActiveCfg = Release|Any CPU
		{F450C91A-85A0-4B28-9FCC-9D6E7E91C196}.Release|Any CPU.Build.0 = Release|Any CPU
		{B1EC9100-0721-4A23-AA49-85F2E2CF0E83}.Debug|Any CPU.ActiveCfg = Debug|Any CPU
		{B1EC9100-0721-4A23-AA49-85F2E2CF0E83}.Debug|Any CPU.Build.0 = Debug|Any CPU
		{B1EC9100-0721-4A23-AA49-85F2E2CF0E83}.Release|Any CPU.ActiveCfg = Release|Any CPU
		{B1EC9100-0721-4A23-AA49-85F2E2CF0E83}.Release|Any CPU.Build.0 = Release|Any CPU
		{58588AD6-2CD0-4391-92E6-9F6C2C3B1BB7}.Debug|Any CPU.ActiveCfg = Debug|Any CPU
		{58588AD6-2CD0-4391-92E6-9F6C2C3B1BB7}.Debug|Any CPU.Build.0 = Debug|Any CPU
		{58588AD6-2CD0-4391-92E6-9F6C2C3B1BB7}.Release|Any CPU.ActiveCfg = Release|Any CPU
		{58588AD6-2CD0-4391-92E6-9F6C2C3B1BB7}.Release|Any CPU.Build.0 = Release|Any CPU
		{F3BA653E-CD45-4E14-94D7-BF263CDB3522}.Debug|Any CPU.ActiveCfg = Debug|Any CPU
		{F3BA653E-CD45-4E14-94D7-BF263CDB3522}.Debug|Any CPU.Build.0 = Debug|Any CPU
		{F3BA653E-CD45-4E14-94D7-BF263CDB3522}.Release|Any CPU.ActiveCfg = Release|Any CPU
		{F3BA653E-CD45-4E14-94D7-BF263CDB3522}.Release|Any CPU.Build.0 = Release|Any CPU
		{BB7F7AB0-FE4C-46AD-A53F-17597F8F0FE5}.Debug|Any CPU.ActiveCfg = Debug|Any CPU
		{BB7F7AB0-FE4C-46AD-A53F-17597F8F0FE5}.Debug|Any CPU.Build.0 = Debug|Any CPU
		{BB7F7AB0-FE4C-46AD-A53F-17597F8F0FE5}.Release|Any CPU.ActiveCfg = Release|Any CPU
		{BB7F7AB0-FE4C-46AD-A53F-17597F8F0FE5}.Release|Any CPU.Build.0 = Release|Any CPU
		{D1FEEFB3-C0DD-4830-9717-661C6DA757BA}.Debug|Any CPU.ActiveCfg = Debug|Any CPU
		{D1FEEFB3-C0DD-4830-9717-661C6DA757BA}.Debug|Any CPU.Build.0 = Debug|Any CPU
		{D1FEEFB3-C0DD-4830-9717-661C6DA757BA}.Release|Any CPU.ActiveCfg = Release|Any CPU
		{D1FEEFB3-C0DD-4830-9717-661C6DA757BA}.Release|Any CPU.Build.0 = Release|Any CPU
		{5CA57C68-38DB-493E-856B-1D4744A8F1B7}.Debug|Any CPU.ActiveCfg = Debug|Any CPU
		{5CA57C68-38DB-493E-856B-1D4744A8F1B7}.Debug|Any CPU.Build.0 = Debug|Any CPU
		{5CA57C68-38DB-493E-856B-1D4744A8F1B7}.Release|Any CPU.ActiveCfg = Release|Any CPU
		{5CA57C68-38DB-493E-856B-1D4744A8F1B7}.Release|Any CPU.Build.0 = Release|Any CPU
		{0002FD9A-57CF-4224-9BD5-068B9F040255}.Debug|Any CPU.ActiveCfg = Debug|Any CPU
		{0002FD9A-57CF-4224-9BD5-068B9F040255}.Debug|Any CPU.Build.0 = Debug|Any CPU
		{0002FD9A-57CF-4224-9BD5-068B9F040255}.Release|Any CPU.ActiveCfg = Release|Any CPU
		{0002FD9A-57CF-4224-9BD5-068B9F040255}.Release|Any CPU.Build.0 = Release|Any CPU
		{46EE786F-DB8A-4172-9EA0-5FBA2AE5068D}.Debug|Any CPU.ActiveCfg = Debug|Any CPU
		{46EE786F-DB8A-4172-9EA0-5FBA2AE5068D}.Debug|Any CPU.Build.0 = Debug|Any CPU
		{46EE786F-DB8A-4172-9EA0-5FBA2AE5068D}.Release|Any CPU.ActiveCfg = Release|Any CPU
		{46EE786F-DB8A-4172-9EA0-5FBA2AE5068D}.Release|Any CPU.Build.0 = Release|Any CPU
		{257CDB6B-2A80-4174-8B4F-93FE5D4F428B}.Debug|Any CPU.ActiveCfg = Debug|Any CPU
		{257CDB6B-2A80-4174-8B4F-93FE5D4F428B}.Debug|Any CPU.Build.0 = Debug|Any CPU
		{257CDB6B-2A80-4174-8B4F-93FE5D4F428B}.Release|Any CPU.ActiveCfg = Release|Any CPU
		{257CDB6B-2A80-4174-8B4F-93FE5D4F428B}.Release|Any CPU.Build.0 = Release|Any CPU
		{C3150B4A-0129-412F-B945-544846AFE689}.Debug|Any CPU.ActiveCfg = Debug|Any CPU
		{C3150B4A-0129-412F-B945-544846AFE689}.Debug|Any CPU.Build.0 = Debug|Any CPU
		{C3150B4A-0129-412F-B945-544846AFE689}.Release|Any CPU.ActiveCfg = Release|Any CPU
		{C3150B4A-0129-412F-B945-544846AFE689}.Release|Any CPU.Build.0 = Release|Any CPU
		{8AAFD39C-2B95-443A-AFEB-DBA1DFB4320F}.Debug|Any CPU.ActiveCfg = Debug|Any CPU
		{8AAFD39C-2B95-443A-AFEB-DBA1DFB4320F}.Debug|Any CPU.Build.0 = Debug|Any CPU
		{8AAFD39C-2B95-443A-AFEB-DBA1DFB4320F}.Release|Any CPU.ActiveCfg = Release|Any CPU
		{8AAFD39C-2B95-443A-AFEB-DBA1DFB4320F}.Release|Any CPU.Build.0 = Release|Any CPU
		{B7EC3A16-D276-41E8-8C04-7ED671C8BE56}.Debug|Any CPU.ActiveCfg = Debug|Any CPU
		{B7EC3A16-D276-41E8-8C04-7ED671C8BE56}.Debug|Any CPU.Build.0 = Debug|Any CPU
		{B7EC3A16-D276-41E8-8C04-7ED671C8BE56}.Release|Any CPU.ActiveCfg = Release|Any CPU
		{B7EC3A16-D276-41E8-8C04-7ED671C8BE56}.Release|Any CPU.Build.0 = Release|Any CPU
		{A5A22F58-4CD3-496B-A917-2FE05C2BFE70}.Debug|Any CPU.ActiveCfg = Debug|Any CPU
		{A5A22F58-4CD3-496B-A917-2FE05C2BFE70}.Debug|Any CPU.Build.0 = Debug|Any CPU
		{A5A22F58-4CD3-496B-A917-2FE05C2BFE70}.Release|Any CPU.ActiveCfg = Release|Any CPU
		{A5A22F58-4CD3-496B-A917-2FE05C2BFE70}.Release|Any CPU.Build.0 = Release|Any CPU
	EndGlobalSection
	GlobalSection(SolutionProperties) = preSolution
		HideSolutionNode = FALSE
	EndGlobalSection
	GlobalSection(NestedProjects) = preSolution
		{73048A40-5F13-426C-A415-A499E4A18653} = {F04688D2-5B60-4AC6-A724-F9987B3043ED}
		{20E52291-5005-4D22-9EDC-9347E77B8E02} = {BCDA3F0A-1B42-4EFF-BB2F-C0AF7066C5A1}
		{5BB4811E-22B8-4849-8240-CF27536CAB50} = {0837B6FC-1269-4502-9270-4CD137C185EB}
		{EEDF6D8E-6F01-48B6-B1C7-847B1FAF2DCD} = {0837B6FC-1269-4502-9270-4CD137C185EB}
		{F450C91A-85A0-4B28-9FCC-9D6E7E91C196} = {0837B6FC-1269-4502-9270-4CD137C185EB}
		{B1EC9100-0721-4A23-AA49-85F2E2CF0E83} = {0837B6FC-1269-4502-9270-4CD137C185EB}
		{58588AD6-2CD0-4391-92E6-9F6C2C3B1BB7} = {0837B6FC-1269-4502-9270-4CD137C185EB}
		{F3BA653E-CD45-4E14-94D7-BF263CDB3522} = {0837B6FC-1269-4502-9270-4CD137C185EB}
		{BB7F7AB0-FE4C-46AD-A53F-17597F8F0FE5} = {0837B6FC-1269-4502-9270-4CD137C185EB}
		{6E69FB11-AE1A-4914-8591-A6391EC58ADF} = {73048A40-5F13-426C-A415-A499E4A18653}
		{FE83D3B9-E9F0-4CC9-816A-373DF772C950} = {73048A40-5F13-426C-A415-A499E4A18653}
		{537B53A6-DBB4-4903-BAAB-00E55EF1EFF9} = {73048A40-5F13-426C-A415-A499E4A18653}
		{AEAB7D8D-ACD4-4AF9-B83C-72E979B2E7BB} = {73048A40-5F13-426C-A415-A499E4A18653}
		{D1FEEFB3-C0DD-4830-9717-661C6DA757BA} = {537B53A6-DBB4-4903-BAAB-00E55EF1EFF9}
		{5CA57C68-38DB-493E-856B-1D4744A8F1B7} = {6E69FB11-AE1A-4914-8591-A6391EC58ADF}
		{0002FD9A-57CF-4224-9BD5-068B9F040255} = {6E69FB11-AE1A-4914-8591-A6391EC58ADF}
		{46EE786F-DB8A-4172-9EA0-5FBA2AE5068D} = {FE83D3B9-E9F0-4CC9-816A-373DF772C950}
		{257CDB6B-2A80-4174-8B4F-93FE5D4F428B} = {AEAB7D8D-ACD4-4AF9-B83C-72E979B2E7BB}
		{C3150B4A-0129-412F-B945-544846AFE689} = {FE83D3B9-E9F0-4CC9-816A-373DF772C950}
		{8AAFD39C-2B95-443A-AFEB-DBA1DFB4320F} = {F04688D2-5B60-4AC6-A724-F9987B3043ED}
		{B7EC3A16-D276-41E8-8C04-7ED671C8BE56} = {0837B6FC-1269-4502-9270-4CD137C185EB}
		{A5A22F58-4CD3-496B-A917-2FE05C2BFE70} = {73048A40-5F13-426C-A415-A499E4A18653}
	EndGlobalSection
	GlobalSection(ExtensibilityGlobals) = postSolution
		SolutionGuid = {2B1B6486-0568-4BCF-8F36-F3333806D2B9}
	EndGlobalSection
EndGlobal
